// !$*UTF8*$!
{
	archiveVersion = 1;
	classes = {
	};
	objectVersion = 77;
	objects = {

/* Begin PBXContainerItemProxy section */
		49605A062DAB13D600533EEF /* PBXContainerItemProxy */ = {
			isa = PBXContainerItemProxy;
			containerPortal = 496059EA2DAB13D400533EEF /* Project object */;
			proxyType = 1;
			remoteGlobalIDString = 496059F12DAB13D500533EEF;
			remoteInfo = "App Reviewer";
		};
		49605A102DAB13D600533EEF /* PBXContainerItemProxy */ = {
			isa = PBXContainerItemProxy;
			containerPortal = 496059EA2DAB13D400533EEF /* Project object */;
			proxyType = 1;
			remoteGlobalIDString = 496059F12DAB13D500533EEF;
			remoteInfo = "App Reviewer";
		};
/* End PBXContainerItemProxy section */

/* Begin PBXFileReference section */
		496059F22DAB13D500533EEF /* App Reviewer.app */ = {isa = PBXFileReference; explicitFileType = wrapper.application; includeInIndex = 0; path = "App Reviewer.app"; sourceTree = BUILT_PRODUCTS_DIR; };
		49605A052DAB13D600533EEF /* App ReviewerTests.xctest */ = {isa = PBXFileReference; explicitFileType = wrapper.cfbundle; includeInIndex = 0; path = "App ReviewerTests.xctest"; sourceTree = BUILT_PRODUCTS_DIR; };
		49605A0F2DAB13D600533EEF /* App ReviewerUITests.xctest */ = {isa = PBXFileReference; explicitFileType = wrapper.cfbundle; includeInIndex = 0; path = "App ReviewerUITests.xctest"; sourceTree = BUILT_PRODUCTS_DIR; };
/* End PBXFileReference section */

/* Begin PBXFileSystemSynchronizedRootGroup section */
		496059F42DAB13D500533EEF /* App Reviewer */ = {
			isa = PBXFileSystemSynchronizedRootGroup;
			path = "App Reviewer";
			sourceTree = "<group>";
		};
		49605A082DAB13D600533EEF /* App ReviewerTests */ = {
			isa = PBXFileSystemSynchronizedRootGroup;
			path = "App ReviewerTests";
			sourceTree = "<group>";
		};
		49605A122DAB13D600533EEF /* App ReviewerUITests */ = {
			isa = PBXFileSystemSynchronizedRootGroup;
			path = "App ReviewerUITests";
			sourceTree = "<group>";
		};
/* End PBXFileSystemSynchronizedRootGroup section */

/* Begin PBXFrameworksBuildPhase section */
		496059EF2DAB13D500533EEF /* Frameworks */ = {
			isa = PBXFrameworksBuildPhase;
			buildActionMask = 2147483647;
			files = (
			);
			runOnlyForDeploymentPostprocessing = 0;
		};
		49605A022DAB13D600533EEF /* Frameworks */ = {
			isa = PBXFrameworksBuildPhase;
			buildActionMask = 2147483647;
			files = (
			);
			runOnlyForDeploymentPostprocessing = 0;
		};
		49605A0C2DAB13D600533EEF /* Frameworks */ = {
			isa = PBXFrameworksBuildPhase;
			buildActionMask = 2147483647;
			files = (
			);
			runOnlyForDeploymentPostprocessing = 0;
		};
/* End PBXFrameworksBuildPhase section */

/* Begin PBXGroup section */
		496059E92DAB13D400533EEF = {
			isa = PBXGroup;
			children = (
				496059F42DAB13D500533EEF /* App Reviewer */,
				49605A082DAB13D600533EEF /* App ReviewerTests */,
				49605A122DAB13D600533EEF /* App ReviewerUITests */,
				496059F32DAB13D500533EEF /* Products */,
			);
			sourceTree = "<group>";
		};
		496059F32DAB13D500533EEF /* Products */ = {
			isa = PBXGroup;
			children = (
				496059F22DAB13D500533EEF /* App Reviewer.app */,
				49605A052DAB13D600533EEF /* App ReviewerTests.xctest */,
				49605A0F2DAB13D600533EEF /* App ReviewerUITests.xctest */,
			);
			name = Products;
			sourceTree = "<group>";
		};
/* End PBXGroup section */

/* Begin PBXNativeTarget section */
		496059F12DAB13D500533EEF /* App Reviewer */ = {
			isa = PBXNativeTarget;
			buildConfigurationList = 49605A192DAB13D600533EEF /* Build configuration list for PBXNativeTarget "App Reviewer" */;
			buildPhases = (
				496059EE2DAB13D500533EEF /* Sources */,
				496059EF2DAB13D500533EEF /* Frameworks */,
				496059F02DAB13D500533EEF /* Resources */,
			);
			buildRules = (
			);
			dependencies = (
			);
			fileSystemSynchronizedGroups = (
				496059F42DAB13D500533EEF /* App Reviewer */,
			);
			name = "App Reviewer";
			packageProductDependencies = (
			);
			productName = "App Reviewer";
			productReference = 496059F22DAB13D500533EEF /* App Reviewer.app */;
			productType = "com.apple.product-type.application";
		};
		49605A042DAB13D600533EEF /* App ReviewerTests */ = {
			isa = PBXNativeTarget;
			buildConfigurationList = 49605A1C2DAB13D600533EEF /* Build configuration list for PBXNativeTarget "App ReviewerTests" */;
			buildPhases = (
				49605A012DAB13D600533EEF /* Sources */,
				49605A022DAB13D600533EEF /* Frameworks */,
				49605A032DAB13D600533EEF /* Resources */,
			);
			buildRules = (
			);
			dependencies = (
				49605A072DAB13D600533EEF /* PBXTargetDependency */,
			);
			fileSystemSynchronizedGroups = (
				49605A082DAB13D600533EEF /* App ReviewerTests */,
			);
			name = "App ReviewerTests";
			packageProductDependencies = (
			);
			productName = "App ReviewerTests";
			productReference = 49605A052DAB13D600533EEF /* App ReviewerTests.xctest */;
			productType = "com.apple.product-type.bundle.unit-test";
		};
		49605A0E2DAB13D600533EEF /* App ReviewerUITests */ = {
			isa = PBXNativeTarget;
			buildConfigurationList = 49605A1F2DAB13D600533EEF /* Build configuration list for PBXNativeTarget "App ReviewerUITests" */;
			buildPhases = (
				49605A0B2DAB13D600533EEF /* Sources */,
				49605A0C2DAB13D600533EEF /* Frameworks */,
				49605A0D2DAB13D600533EEF /* Resources */,
			);
			buildRules = (
			);
			dependencies = (
				49605A112DAB13D600533EEF /* PBXTargetDependency */,
			);
			fileSystemSynchronizedGroups = (
				49605A122DAB13D600533EEF /* App ReviewerUITests */,
			);
			name = "App ReviewerUITests";
			packageProductDependencies = (
			);
			productName = "App ReviewerUITests";
			productReference = 49605A0F2DAB13D600533EEF /* App ReviewerUITests.xctest */;
			productType = "com.apple.product-type.bundle.ui-testing";
		};
/* End PBXNativeTarget section */

/* Begin PBXProject section */
		496059EA2DAB13D400533EEF /* Project object */ = {
			isa = PBXProject;
			attributes = {
				BuildIndependentTargetsInParallel = 1;
				LastSwiftUpdateCheck = 1600;
				LastUpgradeCheck = 1600;
				TargetAttributes = {
					496059F12DAB13D500533EEF = {
						CreatedOnToolsVersion = 16.0;
					};
					49605A042DAB13D600533EEF = {
						CreatedOnToolsVersion = 16.0;
						TestTargetID = 496059F12DAB13D500533EEF;
					};
					49605A0E2DAB13D600533EEF = {
						CreatedOnToolsVersion = 16.0;
						TestTargetID = 496059F12DAB13D500533EEF;
					};
				};
			};
			buildConfigurationList = 496059ED2DAB13D500533EEF /* Build configuration list for PBXProject "App Reviewer" */;
			developmentRegion = en;
			hasScannedForEncodings = 0;
			knownRegions = (
				en,
				Base,
			);
			mainGroup = 496059E92DAB13D400533EEF;
			minimizedProjectReferenceProxies = 1;
			preferredProjectObjectVersion = 77;
			productRefGroup = 496059F32DAB13D500533EEF /* Products */;
			projectDirPath = "";
			projectRoot = "";
			targets = (
				496059F12DAB13D500533EEF /* App Reviewer */,
				49605A042DAB13D600533EEF /* App ReviewerTests */,
				49605A0E2DAB13D600533EEF /* App ReviewerUITests */,
			);
		};
/* End PBXProject section */

/* Begin PBXResourcesBuildPhase section */
		496059F02DAB13D500533EEF /* Resources */ = {
			isa = PBXResourcesBuildPhase;
			buildActionMask = 2147483647;
			files = (
			);
			runOnlyForDeploymentPostprocessing = 0;
		};
		49605A032DAB13D600533EEF /* Resources */ = {
			isa = PBXResourcesBuildPhase;
			buildActionMask = 2147483647;
			files = (
			);
			runOnlyForDeploymentPostprocessing = 0;
		};
		49605A0D2DAB13D600533EEF /* Resources */ = {
			isa = PBXResourcesBuildPhase;
			buildActionMask = 2147483647;
			files = (
			);
			runOnlyForDeploymentPostprocessing = 0;
		};
/* End PBXResourcesBuildPhase section */

/* Begin PBXSourcesBuildPhase section */
		496059EE2DAB13D500533EEF /* Sources */ = {
			isa = PBXSourcesBuildPhase;
			buildActionMask = 2147483647;
			files = (
			);
			runOnlyForDeploymentPostprocessing = 0;
		};
		49605A012DAB13D600533EEF /* Sources */ = {
			isa = PBXSourcesBuildPhase;
			buildActionMask = 2147483647;
			files = (
			);
			runOnlyForDeploymentPostprocessing = 0;
		};
		49605A0B2DAB13D600533EEF /* Sources */ = {
			isa = PBXSourcesBuildPhase;
			buildActionMask = 2147483647;
			files = (
			);
			runOnlyForDeploymentPostprocessing = 0;
		};
/* End PBXSourcesBuildPhase section */

/* Begin PBXTargetDependency section */
		49605A072DAB13D600533EEF /* PBXTargetDependency */ = {
			isa = PBXTargetDependency;
			target = 496059F12DAB13D500533EEF /* App Reviewer */;
			targetProxy = 49605A062DAB13D600533EEF /* PBXContainerItemProxy */;
		};
		49605A112DAB13D600533EEF /* PBXTargetDependency */ = {
			isa = PBXTargetDependency;
			target = 496059F12DAB13D500533EEF /* App Reviewer */;
			targetProxy = 49605A102DAB13D600533EEF /* PBXContainerItemProxy */;
		};
/* End PBXTargetDependency section */

/* Begin XCBuildConfiguration section */
		49605A172DAB13D600533EEF /* Debug */ = {
			isa = XCBuildConfiguration;
			buildSettings = {
				ALWAYS_SEARCH_USER_PATHS = NO;
				ASSETCATALOG_COMPILER_GENERATE_SWIFT_ASSET_SYMBOL_EXTENSIONS = YES;
				CLANG_ANALYZER_NONNULL = YES;
				CLANG_ANALYZER_NUMBER_OBJECT_CONVERSION = YES_AGGRESSIVE;
				CLANG_CXX_LANGUAGE_STANDARD = "gnu++20";
				CLANG_ENABLE_MODULES = YES;
				CLANG_ENABLE_OBJC_ARC = YES;
				CLANG_ENABLE_OBJC_WEAK = YES;
				CLANG_WARN_BLOCK_CAPTURE_AUTORELEASING = YES;
				CLANG_WARN_BOOL_CONVERSION = YES;
				CLANG_WARN_COMMA = YES;
				CLANG_WARN_CONSTANT_CONVERSION = YES;
				CLANG_WARN_DEPRECATED_OBJC_IMPLEMENTATIONS = YES;
				CLANG_WARN_DIRECT_OBJC_ISA_USAGE = YES_ERROR;
				CLANG_WARN_DOCUMENTATION_COMMENTS = YES;
				CLANG_WARN_EMPTY_BODY = YES;
				CLANG_WARN_ENUM_CONVERSION = YES;
				CLANG_WARN_INFINITE_RECURSION = YES;
				CLANG_WARN_INT_CONVERSION = YES;
				CLANG_WARN_NON_LITERAL_NULL_CONVERSION = YES;
				CLANG_WARN_OBJC_IMPLICIT_RETAIN_SELF = YES;
				CLANG_WARN_OBJC_LITERAL_CONVERSION = YES;
				CLANG_WARN_OBJC_ROOT_CLASS = YES_ERROR;
				CLANG_WARN_QUOTED_INCLUDE_IN_FRAMEWORK_HEADER = YES;
				CLANG_WARN_RANGE_LOOP_ANALYSIS = YES;
				CLANG_WARN_STRICT_PROTOTYPES = YES;
				CLANG_WARN_SUSPICIOUS_MOVE = YES;
				CLANG_WARN_UNGUARDED_AVAILABILITY = YES_AGGRESSIVE;
				CLANG_WARN_UNREACHABLE_CODE = YES;
				CLANG_WARN__DUPLICATE_METHOD_MATCH = YES;
				COPY_PHASE_STRIP = NO;
				DEBUG_INFORMATION_FORMAT = dwarf;
				ENABLE_STRICT_OBJC_MSGSEND = YES;
				ENABLE_TESTABILITY = YES;
				ENABLE_USER_SCRIPT_SANDBOXING = YES;
				GCC_C_LANGUAGE_STANDARD = gnu17;
				GCC_DYNAMIC_NO_PIC = NO;
				GCC_NO_COMMON_BLOCKS = YES;
				GCC_OPTIMIZATION_LEVEL = 0;
				GCC_PREPROCESSOR_DEFINITIONS = (
					"DEBUG=1",
					"$(inherited)",
				);
				GCC_WARN_64_TO_32_BIT_CONVERSION = YES;
				GCC_WARN_ABOUT_RETURN_TYPE = YES_ERROR;
				GCC_WARN_UNDECLARED_SELECTOR = YES;
				GCC_WARN_UNINITIALIZED_AUTOS = YES_AGGRESSIVE;
				GCC_WARN_UNUSED_FUNCTION = YES;
				GCC_WARN_UNUSED_VARIABLE = YES;
				LOCALIZATION_PREFERS_STRING_CATALOGS = YES;
				MACOSX_DEPLOYMENT_TARGET = 15.0;
				MTL_ENABLE_DEBUG_INFO = INCLUDE_SOURCE;
				MTL_FAST_MATH = YES;
				ONLY_ACTIVE_ARCH = YES;
				SDKROOT = macosx;
				SWIFT_ACTIVE_COMPILATION_CONDITIONS = "DEBUG $(inherited)";
				SWIFT_OPTIMIZATION_LEVEL = "-Onone";
			};
			name = Debug;
		};
		49605A182DAB13D600533EEF /* Release */ = {
			isa = XCBuildConfiguration;
			buildSettings = {
				ALWAYS_SEARCH_USER_PATHS = NO;
				ASSETCATALOG_COMPILER_GENERATE_SWIFT_ASSET_SYMBOL_EXTENSIONS = YES;
				CLANG_ANALYZER_NONNULL = YES;
				CLANG_ANALYZER_NUMBER_OBJECT_CONVERSION = YES_AGGRESSIVE;
				CLANG_CXX_LANGUAGE_STANDARD = "gnu++20";
				CLANG_ENABLE_MODULES = YES;
				CLANG_ENABLE_OBJC_ARC = YES;
				CLANG_ENABLE_OBJC_WEAK = YES;
				CLANG_WARN_BLOCK_CAPTURE_AUTORELEASING = YES;
				CLANG_WARN_BOOL_CONVERSION = YES;
				CLANG_WARN_COMMA = YES;
				CLANG_WARN_CONSTANT_CONVERSION = YES;
				CLANG_WARN_DEPRECATED_OBJC_IMPLEMENTATIONS = YES;
				CLANG_WARN_DIRECT_OBJC_ISA_USAGE = YES_ERROR;
				CLANG_WARN_DOCUMENTATION_COMMENTS = YES;
				CLANG_WARN_EMPTY_BODY = YES;
				CLANG_WARN_ENUM_CONVERSION = YES;
				CLANG_WARN_INFINITE_RECURSION = YES;
				CLANG_WARN_INT_CONVERSION = YES;
				CLANG_WARN_NON_LITERAL_NULL_CONVERSION = YES;
				CLANG_WARN_OBJC_IMPLICIT_RETAIN_SELF = YES;
				CLANG_WARN_OBJC_LITERAL_CONVERSION = YES;
				CLANG_WARN_OBJC_ROOT_CLASS = YES_ERROR;
				CLANG_WARN_QUOTED_INCLUDE_IN_FRAMEWORK_HEADER = YES;
				CLANG_WARN_RANGE_LOOP_ANALYSIS = YES;
				CLANG_WARN_STRICT_PROTOTYPES = YES;
				CLANG_WARN_SUSPICIOUS_MOVE = YES;
				CLANG_WARN_UNGUARDED_AVAILABILITY = YES_AGGRESSIVE;
				CLANG_WARN_UNREACHABLE_CODE = YES;
				CLANG_WARN__DUPLICATE_METHOD_MATCH = YES;
				COPY_PHASE_STRIP = NO;
				DEBUG_INFORMATION_FORMAT = "dwarf-with-dsym";
				ENABLE_NS_ASSERTIONS = NO;
				ENABLE_STRICT_OBJC_MSGSEND = YES;
				ENABLE_USER_SCRIPT_SANDBOXING = YES;
				GCC_C_LANGUAGE_STANDARD = gnu17;
				GCC_NO_COMMON_BLOCKS = YES;
				GCC_WARN_64_TO_32_BIT_CONVERSION = YES;
				GCC_WARN_ABOUT_RETURN_TYPE = YES_ERROR;
				GCC_WARN_UNDECLARED_SELECTOR = YES;
				GCC_WARN_UNINITIALIZED_AUTOS = YES_AGGRESSIVE;
				GCC_WARN_UNUSED_FUNCTION = YES;
				GCC_WARN_UNUSED_VARIABLE = YES;
				LOCALIZATION_PREFERS_STRING_CATALOGS = YES;
				MACOSX_DEPLOYMENT_TARGET = 15.0;
				MTL_ENABLE_DEBUG_INFO = NO;
				MTL_FAST_MATH = YES;
				SDKROOT = macosx;
				SWIFT_COMPILATION_MODE = wholemodule;
			};
			name = Release;
		};
		49605A1A2DAB13D600533EEF /* Debug */ = {
			isa = XCBuildConfiguration;
			buildSettings = {
				ASSETCATALOG_COMPILER_APPICON_NAME = AppIcon;
				ASSETCATALOG_COMPILER_GLOBAL_ACCENT_COLOR_NAME = AccentColor;
				CODE_SIGN_ENTITLEMENTS = "App Reviewer/App_Reviewer.entitlements";
				CODE_SIGN_STYLE = Automatic;
				COMBINE_HIDPI_IMAGES = YES;
				CURRENT_PROJECT_VERSION = 1;
				DEVELOPMENT_ASSET_PATHS = "\"App Reviewer/Preview Content\"";
				DEVELOPMENT_TEAM = D69UL376CN;
				ENABLE_HARDENED_RUNTIME = YES;
				ENABLE_PREVIEWS = YES;
				GENERATE_INFOPLIST_FILE = YES;
				INFOPLIST_KEY_NSHumanReadableCopyright = "";
				LD_RUNPATH_SEARCH_PATHS = (
					"$(inherited)",
					"@executable_path/../Frameworks",
				);
				MACOSX_DEPLOYMENT_TARGET = 14.0;
				MARKETING_VERSION = 1.0;
				PRODUCT_BUNDLE_IDENTIFIER = "test.App-Reviewer";
				PRODUCT_NAME = "$(TARGET_NAME)";
				SWIFT_EMIT_LOC_STRINGS = YES;
				SWIFT_VERSION = 5.0;
			};
			name = Debug;
		};
		49605A1B2DAB13D600533EEF /* Release */ = {
			isa = XCBuildConfiguration;
			buildSettings = {
				ASSETCATALOG_COMPILER_APPICON_NAME = AppIcon;
				ASSETCATALOG_COMPILER_GLOBAL_ACCENT_COLOR_NAME = AccentColor;
				CODE_SIGN_ENTITLEMENTS = "App Reviewer/App_Reviewer.entitlements";
				CODE_SIGN_STYLE = Automatic;
				COMBINE_HIDPI_IMAGES = YES;
				CURRENT_PROJECT_VERSION = 1;
				DEVELOPMENT_ASSET_PATHS = "\"App Reviewer/Preview Content\"";
				DEVELOPMENT_TEAM = D69UL376CN;
				ENABLE_HARDENED_RUNTIME = YES;
				ENABLE_PREVIEWS = YES;
				GENERATE_INFOPLIST_FILE = YES;
				INFOPLIST_KEY_NSHumanReadableCopyright = "";
				LD_RUNPATH_SEARCH_PATHS = (
					"$(inherited)",
					"@executable_path/../Frameworks",
				);
				MACOSX_DEPLOYMENT_TARGET = 14.0;
				MARKETING_VERSION = 1.0;
				PRODUCT_BUNDLE_IDENTIFIER = "test.App-Reviewer";
				PRODUCT_NAME = "$(TARGET_NAME)";
				SWIFT_EMIT_LOC_STRINGS = YES;
				SWIFT_VERSION = 5.0;
			};
			name = Release;
		};
		49605A1D2DAB13D600533EEF /* Debug */ = {
			isa = XCBuildConfiguration;
			buildSettings = {
				BUNDLE_LOADER = "$(TEST_HOST)";
				CODE_SIGN_STYLE = Automatic;
				CURRENT_PROJECT_VERSION = 1;
				DEVELOPMENT_TEAM = D69UL376CN;
				GENERATE_INFOPLIST_FILE = YES;
				MACOSX_DEPLOYMENT_TARGET = 14.0;
				MARKETING_VERSION = 1.0;
				PRODUCT_BUNDLE_IDENTIFIER = "test.App-ReviewerTests";
				PRODUCT_NAME = "$(TARGET_NAME)";
				SWIFT_EMIT_LOC_STRINGS = NO;
				SWIFT_VERSION = 5.0;
				TEST_HOST = "$(BUILT_PRODUCTS_DIR)/App Reviewer.app/$(BUNDLE_EXECUTABLE_FOLDER_PATH)/App Reviewer";
			};
			name = Debug;
		};
		49605A1E2DAB13D600533EEF /* Release */ = {
			isa = XCBuildConfiguration;
			buildSettings = {
				BUNDLE_LOADER = "$(TEST_HOST)";
				CODE_SIGN_STYLE = Automatic;
				CURRENT_PROJECT_VERSION = 1;
				DEVELOPMENT_TEAM = D69UL376CN;
				GENERATE_INFOPLIST_FILE = YES;
				MACOSX_DEPLOYMENT_TARGET = 14.0;
				MARKETING_VERSION = 1.0;
				PRODUCT_BUNDLE_IDENTIFIER = "test.App-ReviewerTests";
				PRODUCT_NAME = "$(TARGET_NAME)";
				SWIFT_EMIT_LOC_STRINGS = NO;
				SWIFT_VERSION = 5.0;
				TEST_HOST = "$(BUILT_PRODUCTS_DIR)/App Reviewer.app/$(BUNDLE_EXECUTABLE_FOLDER_PATH)/App Reviewer";
			};
			name = Release;
		};
		49605A202DAB13D600533EEF /* Debug */ = {
			isa = XCBuildConfiguration;
			buildSettings = {
				CODE_SIGN_STYLE = Automatic;
				CURRENT_PROJECT_VERSION = 1;
				DEVELOPMENT_TEAM = D69UL376CN;
				GENERATE_INFOPLIST_FILE = YES;
				MARKETING_VERSION = 1.0;
				PRODUCT_BUNDLE_IDENTIFIER = "test.App-ReviewerUITests";
				PRODUCT_NAME = "$(TARGET_NAME)";
				SWIFT_EMIT_LOC_STRINGS = NO;
				SWIFT_VERSION = 5.0;
				TEST_TARGET_NAME = "App Reviewer";
			};
			name = Debug;
		};
		49605A212DAB13D600533EEF /* Release */ = {
			isa = XCBuildConfiguration;
			buildSettings = {
				CODE_SIGN_STYLE = Automatic;
				CURRENT_PROJECT_VERSION = 1;
				DEVELOPMENT_TEAM = D69UL376CN;
				GENERATE_INFOPLIST_FILE = YES;
				MARKETING_VERSION = 1.0;
				PRODUCT_BUNDLE_IDENTIFIER = "test.App-ReviewerUITests";
				PRODUCT_NAME = "$(TARGET_NAME)";
				SWIFT_EMIT_LOC_STRINGS = NO;
				SWIFT_VERSION = 5.0;
				TEST_TARGET_NAME = "App Reviewer";
			};
			name = Release;
		};
/* End XCBuildConfiguration section */

/* Begin XCConfigurationList section */
		496059ED2DAB13D500533EEF /* Build configuration list for PBXProject "App Reviewer" */ = {
			isa = XCConfigurationList;
			buildConfigurations = (
				49605A172DAB13D600533EEF /* Debug */,
				49605A182DAB13D600533EEF /* Release */,
			);
			defaultConfigurationIsVisible = 0;
			defaultConfigurationName = Release;
		};
		49605A192DAB13D600533EEF /* Build configuration list for PBXNativeTarget "App Reviewer" */ = {
			isa = XCConfigurationList;
			buildConfigurations = (
				49605A1A2DAB13D600533EEF /* Debug */,
				49605A1B2DAB13D600533EEF /* Release */,
			);
			defaultConfigurationIsVisible = 0;
			defaultConfigurationName = Release;
		};
		49605A1C2DAB13D600533EEF /* Build configuration list for PBXNativeTarget "App ReviewerTests" */ = {
			isa = XCConfigurationList;
			buildConfigurations = (
				49605A1D2DAB13D600533EEF /* Debug */,
				49605A1E2DAB13D600533EEF /* Release */,
			);
			defaultConfigurationIsVisible = 0;
			defaultConfigurationName = Release;
		};
		49605A1F2DAB13D600533EEF /* Build configuration list for PBXNativeTarget "App ReviewerUITests" */ = {
			isa = XCConfigurationList;
			buildConfigurations = (
				49605A202DAB13D600533EEF /* Debug */,
				49605A212DAB13D600533EEF /* Release */,
			);
			defaultConfigurationIsVisible = 0;
			defaultConfigurationName = Release;
		};
/* End XCConfigurationList section */
	};
	rootObject = 496059EA2DAB13D400533EEF /* Project object */;
}
